
Microsoft Visual Studio Solution File, Format Version 12.00
# Visual Studio 15
VisualStudioVersion = 15.0.26124.0
MinimumVisualStudioVersion = 15.0.26124.0
Project("{F2A71F9B-5D33-465A-A702-920D77279786}") = "core", "core\core.fsproj", "{94649646-F532-4A14-B99F-4DA3E9B926FD}"
EndProject
Project("{F2A71F9B-5D33-465A-A702-920D77279786}") = "notifications", "notifications\notifications.fsproj", "{55E4D3FE-F980-4DF0-9168-5F69B90A4EA8}"
EndProject
Project("{F2A71F9B-5D33-465A-A702-920D77279786}") = "web", "web\web.fsproj", "{3F96654A-E2D6-4012-A607-5AE2DA78E05E}"
EndProject
Project("{F2A71F9B-5D33-465A-A702-920D77279786}") = "worker", "worker\worker.fsproj", "{929EBED6-603B-43E6-9DCA-956E6BD37500}"
EndProject
Project("{F2A71F9B-5D33-465A-A702-920D77279786}") = "bot", "bot\bot.fsproj", "{C475291B-A415-4E68-A924-AE53E94BDDCE}"
EndProject
Project("{F2A71F9B-5D33-465A-A702-920D77279786}") = "telegram", "telegram\telegram.fsproj", "{AD0273D8-FB7E-4A98-B804-4F75AF0B9EDF}"
EndProject
Project("{F2A71F9B-5D33-465A-A702-920D77279786}") = "store", "store\store.fsproj", "{4D1B6F18-7D24-460B-83B1-D8703D97C10A}"
EndProject
Project("{F2A71F9B-5D33-465A-A702-920D77279786}") = "tests", "tests\tests.fsproj", "{2022F477-05F2-412B-8384-B8C89854A7B8}"
EndProject
Project("{F2A71F9B-5D33-465A-A702-920D77279786}") = "application", "application\application.fsproj", "{E48EDF70-1BA7-4517-A1C2-046A4410BDD7}"
EndProject
Global
	GlobalSection(SolutionConfigurationPlatforms) = preSolution
		Debug|Any CPU = Debug|Any CPU
		Debug|x64 = Debug|x64
		Debug|x86 = Debug|x86
		Release|Any CPU = Release|Any CPU
		Release|x64 = Release|x64
		Release|x86 = Release|x86
	EndGlobalSection
	GlobalSection(SolutionProperties) = preSolution
		HideSolutionNode = FALSE
	EndGlobalSection
	GlobalSection(ProjectConfigurationPlatforms) = postSolution
		{94649646-F532-4A14-B99F-4DA3E9B926FD}.Debug|Any CPU.ActiveCfg = Debug|Any CPU
		{94649646-F532-4A14-B99F-4DA3E9B926FD}.Debug|Any CPU.Build.0 = Debug|Any CPU
		{94649646-F532-4A14-B99F-4DA3E9B926FD}.Debug|x64.ActiveCfg = Debug|Any CPU
		{94649646-F532-4A14-B99F-4DA3E9B926FD}.Debug|x64.Build.0 = Debug|Any CPU
		{94649646-F532-4A14-B99F-4DA3E9B926FD}.Debug|x86.ActiveCfg = Debug|Any CPU
		{94649646-F532-4A14-B99F-4DA3E9B926FD}.Debug|x86.Build.0 = Debug|Any CPU
		{94649646-F532-4A14-B99F-4DA3E9B926FD}.Release|Any CPU.ActiveCfg = Release|Any CPU
		{94649646-F532-4A14-B99F-4DA3E9B926FD}.Release|Any CPU.Build.0 = Release|Any CPU
		{94649646-F532-4A14-B99F-4DA3E9B926FD}.Release|x64.ActiveCfg = Release|Any CPU
		{94649646-F532-4A14-B99F-4DA3E9B926FD}.Release|x64.Build.0 = Release|Any CPU
		{94649646-F532-4A14-B99F-4DA3E9B926FD}.Release|x86.ActiveCfg = Release|Any CPU
		{94649646-F532-4A14-B99F-4DA3E9B926FD}.Release|x86.Build.0 = Release|Any CPU
		{55E4D3FE-F980-4DF0-9168-5F69B90A4EA8}.Debug|Any CPU.ActiveCfg = Debug|Any CPU
		{55E4D3FE-F980-4DF0-9168-5F69B90A4EA8}.Debug|Any CPU.Build.0 = Debug|Any CPU
		{55E4D3FE-F980-4DF0-9168-5F69B90A4EA8}.Debug|x64.ActiveCfg = Debug|Any CPU
		{55E4D3FE-F980-4DF0-9168-5F69B90A4EA8}.Debug|x64.Build.0 = Debug|Any CPU
		{55E4D3FE-F980-4DF0-9168-5F69B90A4EA8}.Debug|x86.ActiveCfg = Debug|Any CPU
		{55E4D3FE-F980-4DF0-9168-5F69B90A4EA8}.Debug|x86.Build.0 = Debug|Any CPU
		{55E4D3FE-F980-4DF0-9168-5F69B90A4EA8}.Release|Any CPU.ActiveCfg = Release|Any CPU
		{55E4D3FE-F980-4DF0-9168-5F69B90A4EA8}.Release|Any CPU.Build.0 = Release|Any CPU
		{55E4D3FE-F980-4DF0-9168-5F69B90A4EA8}.Release|x64.ActiveCfg = Release|Any CPU
		{55E4D3FE-F980-4DF0-9168-5F69B90A4EA8}.Release|x64.Build.0 = Release|Any CPU
		{55E4D3FE-F980-4DF0-9168-5F69B90A4EA8}.Release|x86.ActiveCfg = Release|Any CPU
		{55E4D3FE-F980-4DF0-9168-5F69B90A4EA8}.Release|x86.Build.0 = Release|Any CPU
		{3F96654A-E2D6-4012-A607-5AE2DA78E05E}.Debug|Any CPU.ActiveCfg = Debug|Any CPU
		{3F96654A-E2D6-4012-A607-5AE2DA78E05E}.Debug|Any CPU.Build.0 = Debug|Any CPU
		{3F96654A-E2D6-4012-A607-5AE2DA78E05E}.Debug|x64.ActiveCfg = Debug|Any CPU
		{3F96654A-E2D6-4012-A607-5AE2DA78E05E}.Debug|x64.Build.0 = Debug|Any CPU
		{3F96654A-E2D6-4012-A607-5AE2DA78E05E}.Debug|x86.ActiveCfg = Debug|Any CPU
		{3F96654A-E2D6-4012-A607-5AE2DA78E05E}.Debug|x86.Build.0 = Debug|Any CPU
		{3F96654A-E2D6-4012-A607-5AE2DA78E05E}.Release|Any CPU.ActiveCfg = Release|Any CPU
		{3F96654A-E2D6-4012-A607-5AE2DA78E05E}.Release|Any CPU.Build.0 = Release|Any CPU
		{3F96654A-E2D6-4012-A607-5AE2DA78E05E}.Release|x64.ActiveCfg = Release|Any CPU
		{3F96654A-E2D6-4012-A607-5AE2DA78E05E}.Release|x64.Build.0 = Release|Any CPU
		{3F96654A-E2D6-4012-A607-5AE2DA78E05E}.Release|x86.ActiveCfg = Release|Any CPU
		{3F96654A-E2D6-4012-A607-5AE2DA78E05E}.Release|x86.Build.0 = Release|Any CPU
		{929EBED6-603B-43E6-9DCA-956E6BD37500}.Debug|Any CPU.ActiveCfg = Debug|Any CPU
		{929EBED6-603B-43E6-9DCA-956E6BD37500}.Debug|Any CPU.Build.0 = Debug|Any CPU
		{929EBED6-603B-43E6-9DCA-956E6BD37500}.Debug|x64.ActiveCfg = Debug|Any CPU
		{929EBED6-603B-43E6-9DCA-956E6BD37500}.Debug|x64.Build.0 = Debug|Any CPU
		{929EBED6-603B-43E6-9DCA-956E6BD37500}.Debug|x86.ActiveCfg = Debug|Any CPU
		{929EBED6-603B-43E6-9DCA-956E6BD37500}.Debug|x86.Build.0 = Debug|Any CPU
		{929EBED6-603B-43E6-9DCA-956E6BD37500}.Release|Any CPU.ActiveCfg = Release|Any CPU
		{929EBED6-603B-43E6-9DCA-956E6BD37500}.Release|Any CPU.Build.0 = Release|Any CPU
		{929EBED6-603B-43E6-9DCA-956E6BD37500}.Release|x64.ActiveCfg = Release|Any CPU
		{929EBED6-603B-43E6-9DCA-956E6BD37500}.Release|x64.Build.0 = Release|Any CPU
		{929EBED6-603B-43E6-9DCA-956E6BD37500}.Release|x86.ActiveCfg = Release|Any CPU
		{929EBED6-603B-43E6-9DCA-956E6BD37500}.Release|x86.Build.0 = Release|Any CPU
		{C475291B-A415-4E68-A924-AE53E94BDDCE}.Debug|Any CPU.ActiveCfg = Debug|Any CPU
		{C475291B-A415-4E68-A924-AE53E94BDDCE}.Debug|Any CPU.Build.0 = Debug|Any CPU
		{C475291B-A415-4E68-A924-AE53E94BDDCE}.Debug|x64.ActiveCfg = Debug|Any CPU
		{C475291B-A415-4E68-A924-AE53E94BDDCE}.Debug|x64.Build.0 = Debug|Any CPU
		{C475291B-A415-4E68-A924-AE53E94BDDCE}.Debug|x86.ActiveCfg = Debug|Any CPU
		{C475291B-A415-4E68-A924-AE53E94BDDCE}.Debug|x86.Build.0 = Debug|Any CPU
		{C475291B-A415-4E68-A924-AE53E94BDDCE}.Release|Any CPU.ActiveCfg = Release|Any CPU
		{C475291B-A415-4E68-A924-AE53E94BDDCE}.Release|Any CPU.Build.0 = Release|Any CPU
		{C475291B-A415-4E68-A924-AE53E94BDDCE}.Release|x64.ActiveCfg = Release|Any CPU
		{C475291B-A415-4E68-A924-AE53E94BDDCE}.Release|x64.Build.0 = Release|Any CPU
		{C475291B-A415-4E68-A924-AE53E94BDDCE}.Release|x86.ActiveCfg = Release|Any CPU
		{C475291B-A415-4E68-A924-AE53E94BDDCE}.Release|x86.Build.0 = Release|Any CPU
		{AD0273D8-FB7E-4A98-B804-4F75AF0B9EDF}.Debug|Any CPU.ActiveCfg = Debug|Any CPU
		{AD0273D8-FB7E-4A98-B804-4F75AF0B9EDF}.Debug|Any CPU.Build.0 = Debug|Any CPU
		{AD0273D8-FB7E-4A98-B804-4F75AF0B9EDF}.Debug|x64.ActiveCfg = Debug|Any CPU
		{AD0273D8-FB7E-4A98-B804-4F75AF0B9EDF}.Debug|x64.Build.0 = Debug|Any CPU
		{AD0273D8-FB7E-4A98-B804-4F75AF0B9EDF}.Debug|x86.ActiveCfg = Debug|Any CPU
		{AD0273D8-FB7E-4A98-B804-4F75AF0B9EDF}.Debug|x86.Build.0 = Debug|Any CPU
		{AD0273D8-FB7E-4A98-B804-4F75AF0B9EDF}.Release|Any CPU.ActiveCfg = Release|Any CPU
		{AD0273D8-FB7E-4A98-B804-4F75AF0B9EDF}.Release|Any CPU.Build.0 = Release|Any CPU
		{AD0273D8-FB7E-4A98-B804-4F75AF0B9EDF}.Release|x64.ActiveCfg = Release|Any CPU
		{AD0273D8-FB7E-4A98-B804-4F75AF0B9EDF}.Release|x64.Build.0 = Release|Any CPU
		{AD0273D8-FB7E-4A98-B804-4F75AF0B9EDF}.Release|x86.ActiveCfg = Release|Any CPU
		{AD0273D8-FB7E-4A98-B804-4F75AF0B9EDF}.Release|x86.Build.0 = Release|Any CPU
		{4D1B6F18-7D24-460B-83B1-D8703D97C10A}.Debug|Any CPU.ActiveCfg = Debug|Any CPU
		{4D1B6F18-7D24-460B-83B1-D8703D97C10A}.Debug|Any CPU.Build.0 = Debug|Any CPU
		{4D1B6F18-7D24-460B-83B1-D8703D97C10A}.Debug|x64.ActiveCfg = Debug|Any CPU
		{4D1B6F18-7D24-460B-83B1-D8703D97C10A}.Debug|x64.Build.0 = Debug|Any CPU
		{4D1B6F18-7D24-460B-83B1-D8703D97C10A}.Debug|x86.ActiveCfg = Debug|Any CPU
		{4D1B6F18-7D24-460B-83B1-D8703D97C10A}.Debug|x86.Build.0 = Debug|Any CPU
		{4D1B6F18-7D24-460B-83B1-D8703D97C10A}.Release|Any CPU.ActiveCfg = Release|Any CPU
		{4D1B6F18-7D24-460B-83B1-D8703D97C10A}.Release|Any CPU.Build.0 = Release|Any CPU
		{4D1B6F18-7D24-460B-83B1-D8703D97C10A}.Release|x64.ActiveCfg = Release|Any CPU
		{4D1B6F18-7D24-460B-83B1-D8703D97C10A}.Release|x64.Build.0 = Release|Any CPU
		{4D1B6F18-7D24-460B-83B1-D8703D97C10A}.Release|x86.ActiveCfg = Release|Any CPU
		{4D1B6F18-7D24-460B-83B1-D8703D97C10A}.Release|x86.Build.0 = Release|Any CPU
		{2022F477-05F2-412B-8384-B8C89854A7B8}.Debug|Any CPU.ActiveCfg = Debug|Any CPU
		{2022F477-05F2-412B-8384-B8C89854A7B8}.Debug|Any CPU.Build.0 = Debug|Any CPU
		{2022F477-05F2-412B-8384-B8C89854A7B8}.Debug|x64.ActiveCfg = Debug|Any CPU
		{2022F477-05F2-412B-8384-B8C89854A7B8}.Debug|x64.Build.0 = Debug|Any CPU
		{2022F477-05F2-412B-8384-B8C89854A7B8}.Debug|x86.ActiveCfg = Debug|Any CPU
		{2022F477-05F2-412B-8384-B8C89854A7B8}.Debug|x86.Build.0 = Debug|Any CPU
		{2022F477-05F2-412B-8384-B8C89854A7B8}.Release|Any CPU.ActiveCfg = Release|Any CPU
		{2022F477-05F2-412B-8384-B8C89854A7B8}.Release|Any CPU.Build.0 = Release|Any CPU
		{2022F477-05F2-412B-8384-B8C89854A7B8}.Release|x64.ActiveCfg = Release|Any CPU
		{2022F477-05F2-412B-8384-B8C89854A7B8}.Release|x64.Build.0 = Release|Any CPU
		{2022F477-05F2-412B-8384-B8C89854A7B8}.Release|x86.ActiveCfg = Release|Any CPU
		{2022F477-05F2-412B-8384-B8C89854A7B8}.Release|x86.Build.0 = Release|Any CPU
		{E48EDF70-1BA7-4517-A1C2-046A4410BDD7}.Debug|Any CPU.ActiveCfg = Debug|Any CPU
		{E48EDF70-1BA7-4517-A1C2-046A4410BDD7}.Debug|Any CPU.Build.0 = Debug|Any CPU
		{E48EDF70-1BA7-4517-A1C2-046A4410BDD7}.Debug|x64.ActiveCfg = Debug|Any CPU
		{E48EDF70-1BA7-4517-A1C2-046A4410BDD7}.Debug|x64.Build.0 = Debug|Any CPU
		{E48EDF70-1BA7-4517-A1C2-046A4410BDD7}.Debug|x86.ActiveCfg = Debug|Any CPU
		{E48EDF70-1BA7-4517-A1C2-046A4410BDD7}.Debug|x86.Build.0 = Debug|Any CPU
		{E48EDF70-1BA7-4517-A1C2-046A4410BDD7}.Release|Any CPU.ActiveCfg = Release|Any CPU
		{E48EDF70-1BA7-4517-A1C2-046A4410BDD7}.Release|Any CPU.Build.0 = Release|Any CPU
		{E48EDF70-1BA7-4517-A1C2-046A4410BDD7}.Release|x64.ActiveCfg = Release|Any CPU
		{E48EDF70-1BA7-4517-A1C2-046A4410BDD7}.Release|x64.Build.0 = Release|Any CPU
		{E48EDF70-1BA7-4517-A1C2-046A4410BDD7}.Release|x86.ActiveCfg = Release|Any CPU
		{E48EDF70-1BA7-4517-A1C2-046A4410BDD7}.Release|x86.Build.0 = Release|Any CPU
	EndGlobalSection
EndGlobal
