
Microsoft Visual Studio Solution File, Format Version 12.00
# Visual Studio 15
VisualStudioVersion = 15.0.26124.0
MinimumVisualStudioVersion = 15.0.26124.0
Project("{6EC3EE1D-3C4E-46DD-8F32-0CC8E7565705}") = "core", "core\core.fsproj", "{FE25B1C5-EDBD-4FA3-802D-D2F8B48A50FE}"
EndProject
Project("{6EC3EE1D-3C4E-46DD-8F32-0CC8E7565705}") = "bot", "bot\bot.fsproj", "{5F827DDC-1521-45B0-ABA0-93C4A7C1DFEF}"
EndProject
Project("{6EC3EE1D-3C4E-46DD-8F32-0CC8E7565705}") = "worker", "worker\worker.fsproj", "{90947885-56BF-4796-93F6-4ED19E0D6D33}"
EndProject
Global
	GlobalSection(SolutionConfigurationPlatforms) = preSolution
		Debug|Any CPU = Debug|Any CPU
		Debug|x64 = Debug|x64
		Debug|x86 = Debug|x86
		Release|Any CPU = Release|Any CPU
		Release|x64 = Release|x64
		Release|x86 = Release|x86
	EndGlobalSection
	GlobalSection(SolutionProperties) = preSolution
		HideSolutionNode = FALSE
	EndGlobalSection
	GlobalSection(ProjectConfigurationPlatforms) = postSolution
		{FE25B1C5-EDBD-4FA3-802D-D2F8B48A50FE}.Debug|Any CPU.ActiveCfg = Debug|Any CPU
		{FE25B1C5-EDBD-4FA3-802D-D2F8B48A50FE}.Debug|Any CPU.Build.0 = Debug|Any CPU
		{FE25B1C5-EDBD-4FA3-802D-D2F8B48A50FE}.Debug|x64.ActiveCfg = Debug|x64
		{FE25B1C5-EDBD-4FA3-802D-D2F8B48A50FE}.Debug|x64.Build.0 = Debug|x64
		{FE25B1C5-EDBD-4FA3-802D-D2F8B48A50FE}.Debug|x86.ActiveCfg = Debug|x86
		{FE25B1C5-EDBD-4FA3-802D-D2F8B48A50FE}.Debug|x86.Build.0 = Debug|x86
		{FE25B1C5-EDBD-4FA3-802D-D2F8B48A50FE}.Release|Any CPU.ActiveCfg = Release|Any CPU
		{FE25B1C5-EDBD-4FA3-802D-D2F8B48A50FE}.Release|Any CPU.Build.0 = Release|Any CPU
		{FE25B1C5-EDBD-4FA3-802D-D2F8B48A50FE}.Release|x64.ActiveCfg = Release|x64
		{FE25B1C5-EDBD-4FA3-802D-D2F8B48A50FE}.Release|x64.Build.0 = Release|x64
		{FE25B1C5-EDBD-4FA3-802D-D2F8B48A50FE}.Release|x86.ActiveCfg = Release|x86
		{FE25B1C5-EDBD-4FA3-802D-D2F8B48A50FE}.Release|x86.Build.0 = Release|x86
		{5F827DDC-1521-45B0-ABA0-93C4A7C1DFEF}.Debug|Any CPU.ActiveCfg = Debug|Any CPU
		{5F827DDC-1521-45B0-ABA0-93C4A7C1DFEF}.Debug|Any CPU.Build.0 = Debug|Any CPU
		{5F827DDC-1521-45B0-ABA0-93C4A7C1DFEF}.Debug|x64.ActiveCfg = Debug|x64
		{5F827DDC-1521-45B0-ABA0-93C4A7C1DFEF}.Debug|x64.Build.0 = Debug|x64
		{5F827DDC-1521-45B0-ABA0-93C4A7C1DFEF}.Debug|x86.ActiveCfg = Debug|x86
		{5F827DDC-1521-45B0-ABA0-93C4A7C1DFEF}.Debug|x86.Build.0 = Debug|x86
		{5F827DDC-1521-45B0-ABA0-93C4A7C1DFEF}.Release|Any CPU.ActiveCfg = Release|Any CPU
		{5F827DDC-1521-45B0-ABA0-93C4A7C1DFEF}.Release|Any CPU.Build.0 = Release|Any CPU
		{5F827DDC-1521-45B0-ABA0-93C4A7C1DFEF}.Release|x64.ActiveCfg = Release|x64
		{5F827DDC-1521-45B0-ABA0-93C4A7C1DFEF}.Release|x64.Build.0 = Release|x64
		{5F827DDC-1521-45B0-ABA0-93C4A7C1DFEF}.Release|x86.ActiveCfg = Release|x86
		{5F827DDC-1521-45B0-ABA0-93C4A7C1DFEF}.Release|x86.Build.0 = Release|x86
		{90947885-56BF-4796-93F6-4ED19E0D6D33}.Debug|Any CPU.ActiveCfg = Debug|Any CPU
		{90947885-56BF-4796-93F6-4ED19E0D6D33}.Debug|Any CPU.Build.0 = Debug|Any CPU
		{90947885-56BF-4796-93F6-4ED19E0D6D33}.Debug|x64.ActiveCfg = Debug|x64
		{90947885-56BF-4796-93F6-4ED19E0D6D33}.Debug|x64.Build.0 = Debug|x64
		{90947885-56BF-4796-93F6-4ED19E0D6D33}.Debug|x86.ActiveCfg = Debug|x86
		{90947885-56BF-4796-93F6-4ED19E0D6D33}.Debug|x86.Build.0 = Debug|x86
		{90947885-56BF-4796-93F6-4ED19E0D6D33}.Release|Any CPU.ActiveCfg = Release|Any CPU
		{90947885-56BF-4796-93F6-4ED19E0D6D33}.Release|Any CPU.Build.0 = Release|Any CPU
		{90947885-56BF-4796-93F6-4ED19E0D6D33}.Release|x64.ActiveCfg = Release|x64
		{90947885-56BF-4796-93F6-4ED19E0D6D33}.Release|x64.Build.0 = Release|x64
		{90947885-56BF-4796-93F6-4ED19E0D6D33}.Release|x86.ActiveCfg = Release|x86
		{90947885-56BF-4796-93F6-4ED19E0D6D33}.Release|x86.Build.0 = Release|x86
	EndGlobalSection
EndGlobal
