
Microsoft Visual Studio Solution File, Format Version 12.00
# Visual Studio 15
VisualStudioVersion = 15.0.26124.0
MinimumVisualStudioVersion = 15.0.26124.0
Project("{6EC3EE1D-3C4E-46DD-8F32-0CC8E7565705}") = "core", "core\core.fsproj", "{BAFC3C0E-52DA-4471-A2DE-6571CE617836}"
EndProject
Project("{6EC3EE1D-3C4E-46DD-8F32-0CC8E7565705}") = "bot", "bot\bot.fsproj", "{82A22FF8-166C-44FA-8420-5F71B72C9D2C}"
EndProject
Project("{6EC3EE1D-3C4E-46DD-8F32-0CC8E7565705}") = "server", "server\server.fsproj", "{92808052-3C3A-42E6-A6DB-44DAAF820614}"
EndProject
Project("{6EC3EE1D-3C4E-46DD-8F32-0CC8E7565705}") = "worker", "worker\worker.fsproj", "{76F008CA-D6EE-4C33-85E3-4EF89E17FA6A}"
EndProject
Project("{6EC3EE1D-3C4E-46DD-8F32-0CC8E7565705}") = "tests", "tests\tests.fsproj", "{76DD7A67-8F94-4C63-8719-7E9170532611}"
EndProject
Global
	GlobalSection(SolutionConfigurationPlatforms) = preSolution
		Debug|Any CPU = Debug|Any CPU
		Debug|x64 = Debug|x64
		Debug|x86 = Debug|x86
		Release|Any CPU = Release|Any CPU
		Release|x64 = Release|x64
		Release|x86 = Release|x86
	EndGlobalSection
	GlobalSection(SolutionProperties) = preSolution
		HideSolutionNode = FALSE
	EndGlobalSection
	GlobalSection(ProjectConfigurationPlatforms) = postSolution
		{BAFC3C0E-52DA-4471-A2DE-6571CE617836}.Debug|Any CPU.ActiveCfg = Debug|Any CPU
		{BAFC3C0E-52DA-4471-A2DE-6571CE617836}.Debug|Any CPU.Build.0 = Debug|Any CPU
		{BAFC3C0E-52DA-4471-A2DE-6571CE617836}.Debug|x64.ActiveCfg = Debug|x64
		{BAFC3C0E-52DA-4471-A2DE-6571CE617836}.Debug|x64.Build.0 = Debug|x64
		{BAFC3C0E-52DA-4471-A2DE-6571CE617836}.Debug|x86.ActiveCfg = Debug|x86
		{BAFC3C0E-52DA-4471-A2DE-6571CE617836}.Debug|x86.Build.0 = Debug|x86
		{BAFC3C0E-52DA-4471-A2DE-6571CE617836}.Release|Any CPU.ActiveCfg = Release|Any CPU
		{BAFC3C0E-52DA-4471-A2DE-6571CE617836}.Release|Any CPU.Build.0 = Release|Any CPU
		{BAFC3C0E-52DA-4471-A2DE-6571CE617836}.Release|x64.ActiveCfg = Release|x64
		{BAFC3C0E-52DA-4471-A2DE-6571CE617836}.Release|x64.Build.0 = Release|x64
		{BAFC3C0E-52DA-4471-A2DE-6571CE617836}.Release|x86.ActiveCfg = Release|x86
		{BAFC3C0E-52DA-4471-A2DE-6571CE617836}.Release|x86.Build.0 = Release|x86
		{82A22FF8-166C-44FA-8420-5F71B72C9D2C}.Debug|Any CPU.ActiveCfg = Debug|Any CPU
		{82A22FF8-166C-44FA-8420-5F71B72C9D2C}.Debug|Any CPU.Build.0 = Debug|Any CPU
		{82A22FF8-166C-44FA-8420-5F71B72C9D2C}.Debug|x64.ActiveCfg = Debug|x64
		{82A22FF8-166C-44FA-8420-5F71B72C9D2C}.Debug|x64.Build.0 = Debug|x64
		{82A22FF8-166C-44FA-8420-5F71B72C9D2C}.Debug|x86.ActiveCfg = Debug|x86
		{82A22FF8-166C-44FA-8420-5F71B72C9D2C}.Debug|x86.Build.0 = Debug|x86
		{82A22FF8-166C-44FA-8420-5F71B72C9D2C}.Release|Any CPU.ActiveCfg = Release|Any CPU
		{82A22FF8-166C-44FA-8420-5F71B72C9D2C}.Release|Any CPU.Build.0 = Release|Any CPU
		{82A22FF8-166C-44FA-8420-5F71B72C9D2C}.Release|x64.ActiveCfg = Release|x64
		{82A22FF8-166C-44FA-8420-5F71B72C9D2C}.Release|x64.Build.0 = Release|x64
		{82A22FF8-166C-44FA-8420-5F71B72C9D2C}.Release|x86.ActiveCfg = Release|x86
		{82A22FF8-166C-44FA-8420-5F71B72C9D2C}.Release|x86.Build.0 = Release|x86
		{92808052-3C3A-42E6-A6DB-44DAAF820614}.Debug|Any CPU.ActiveCfg = Debug|Any CPU
		{92808052-3C3A-42E6-A6DB-44DAAF820614}.Debug|Any CPU.Build.0 = Debug|Any CPU
		{92808052-3C3A-42E6-A6DB-44DAAF820614}.Debug|x64.ActiveCfg = Debug|x64
		{92808052-3C3A-42E6-A6DB-44DAAF820614}.Debug|x64.Build.0 = Debug|x64
		{92808052-3C3A-42E6-A6DB-44DAAF820614}.Debug|x86.ActiveCfg = Debug|x86
		{92808052-3C3A-42E6-A6DB-44DAAF820614}.Debug|x86.Build.0 = Debug|x86
		{92808052-3C3A-42E6-A6DB-44DAAF820614}.Release|Any CPU.ActiveCfg = Release|Any CPU
		{92808052-3C3A-42E6-A6DB-44DAAF820614}.Release|Any CPU.Build.0 = Release|Any CPU
		{92808052-3C3A-42E6-A6DB-44DAAF820614}.Release|x64.ActiveCfg = Release|x64
		{92808052-3C3A-42E6-A6DB-44DAAF820614}.Release|x64.Build.0 = Release|x64
		{92808052-3C3A-42E6-A6DB-44DAAF820614}.Release|x86.ActiveCfg = Release|x86
		{92808052-3C3A-42E6-A6DB-44DAAF820614}.Release|x86.Build.0 = Release|x86
		{76F008CA-D6EE-4C33-85E3-4EF89E17FA6A}.Debug|Any CPU.ActiveCfg = Debug|Any CPU
		{76F008CA-D6EE-4C33-85E3-4EF89E17FA6A}.Debug|Any CPU.Build.0 = Debug|Any CPU
		{76F008CA-D6EE-4C33-85E3-4EF89E17FA6A}.Debug|x64.ActiveCfg = Debug|x64
		{76F008CA-D6EE-4C33-85E3-4EF89E17FA6A}.Debug|x64.Build.0 = Debug|x64
		{76F008CA-D6EE-4C33-85E3-4EF89E17FA6A}.Debug|x86.ActiveCfg = Debug|x86
		{76F008CA-D6EE-4C33-85E3-4EF89E17FA6A}.Debug|x86.Build.0 = Debug|x86
		{76F008CA-D6EE-4C33-85E3-4EF89E17FA6A}.Release|Any CPU.ActiveCfg = Release|Any CPU
		{76F008CA-D6EE-4C33-85E3-4EF89E17FA6A}.Release|Any CPU.Build.0 = Release|Any CPU
		{76F008CA-D6EE-4C33-85E3-4EF89E17FA6A}.Release|x64.ActiveCfg = Release|x64
		{76F008CA-D6EE-4C33-85E3-4EF89E17FA6A}.Release|x64.Build.0 = Release|x64
		{76F008CA-D6EE-4C33-85E3-4EF89E17FA6A}.Release|x86.ActiveCfg = Release|x86
		{76F008CA-D6EE-4C33-85E3-4EF89E17FA6A}.Release|x86.Build.0 = Release|x86
		{76DD7A67-8F94-4C63-8719-7E9170532611}.Debug|Any CPU.ActiveCfg = Debug|Any CPU
		{76DD7A67-8F94-4C63-8719-7E9170532611}.Debug|Any CPU.Build.0 = Debug|Any CPU
		{76DD7A67-8F94-4C63-8719-7E9170532611}.Debug|x64.ActiveCfg = Debug|x64
		{76DD7A67-8F94-4C63-8719-7E9170532611}.Debug|x64.Build.0 = Debug|x64
		{76DD7A67-8F94-4C63-8719-7E9170532611}.Debug|x86.ActiveCfg = Debug|x86
		{76DD7A67-8F94-4C63-8719-7E9170532611}.Debug|x86.Build.0 = Debug|x86
		{76DD7A67-8F94-4C63-8719-7E9170532611}.Release|Any CPU.ActiveCfg = Release|Any CPU
		{76DD7A67-8F94-4C63-8719-7E9170532611}.Release|Any CPU.Build.0 = Release|Any CPU
		{76DD7A67-8F94-4C63-8719-7E9170532611}.Release|x64.ActiveCfg = Release|x64
		{76DD7A67-8F94-4C63-8719-7E9170532611}.Release|x64.Build.0 = Release|x64
		{76DD7A67-8F94-4C63-8719-7E9170532611}.Release|x86.ActiveCfg = Release|x86
		{76DD7A67-8F94-4C63-8719-7E9170532611}.Release|x86.Build.0 = Release|x86
	EndGlobalSection
EndGlobal
